Microsoft Visual Studio Solution File, Format Version 12.00
# Visual Studio Version 17
VisualStudioVersion = 17.5.2.0
MinimumVisualStudioVersion = 10.0.40219.1
Project("{FAE04EC0-301F-11D3-BF4B-00C04F79EFBC}") = "MeuProjetoCopilot", "MeuProjetoCopilot\MeuProjetoCopilot.csproj", "{E707F522-FBF2-7400-FD83-2EA7DC53BEC1}"
EndProject
Global
	GlobalSection(SolutionConfigurationPlatforms) = preSolution
		Debug|Any CPU = Debug|Any CPU
		Release|Any CPU = Release|Any CPU
	EndGlobalSection
	GlobalSection(ProjectConfigurationPlatforms) = postSolution
		{E707F522-FBF2-7400-FD83-2EA7DC53BEC1}.Debug|Any CPU.ActiveCfg = Debug|Any CPU
		{E707F522-FBF2-7400-FD83-2EA7DC53BEC1}.Debug|Any CPU.Build.0 = Debug|Any CPU
		{E707F522-FBF2-7400-FD83-2EA7DC53BEC1}.Release|Any CPU.ActiveCfg = Release|Any CPU
		{E707F522-FBF2-7400-FD83-2EA7DC53BEC1}.Release|Any CPU.Build.0 = Release|Any CPU
	EndGlobalSection
	GlobalSection(SolutionProperties) = preSolution
		HideSolutionNode = FALSE
	EndGlobalSection
	GlobalSection(ExtensibilityGlobals) = postSolution
		SolutionGuid = {064F83F3-3EE7-48E6-A479-5852D39AF675}
	EndGlobalSection
EndGlobal
