Microsoft Visual Studio Solution File, Format Version 12.00
# Visual Studio Version 17
VisualStudioVersion = 17.5.2.0
MinimumVisualStudioVersion = 10.0.40219.1
Project("{FAE04EC0-301F-11D3-BF4B-00C04F79EFBC}") = "MeuProjetoCopilot", "MeuProjetoCopilot.csproj", "{486F7ECE-E508-6786-D3A0-749794B9D78C}"
EndProject
Global
	GlobalSection(SolutionConfigurationPlatforms) = preSolution
		Debug|Any CPU = Debug|Any CPU
		Release|Any CPU = Release|Any CPU
	EndGlobalSection
	GlobalSection(ProjectConfigurationPlatforms) = postSolution
		{486F7ECE-E508-6786-D3A0-749794B9D78C}.Debug|Any CPU.ActiveCfg = Debug|Any CPU
		{486F7ECE-E508-6786-D3A0-749794B9D78C}.Debug|Any CPU.Build.0 = Debug|Any CPU
		{486F7ECE-E508-6786-D3A0-749794B9D78C}.Release|Any CPU.ActiveCfg = Release|Any CPU
		{486F7ECE-E508-6786-D3A0-749794B9D78C}.Release|Any CPU.Build.0 = Release|Any CPU
	EndGlobalSection
	GlobalSection(SolutionProperties) = preSolution
		HideSolutionNode = FALSE
	EndGlobalSection
	GlobalSection(ExtensibilityGlobals) = postSolution
		SolutionGuid = {4E650074-DABC-4A7E-891D-8E40B583D229}
	EndGlobalSection
EndGlobal
