
Microsoft Visual Studio Solution File, Format Version 12.00
# Visual Studio Version 17
VisualStudioVersion = 17.0.31903.59
MinimumVisualStudioVersion = 10.0.40219.1
Project("{FAE04EC0-301F-11D3-BF4B-00C04F79EFBC}") = "RegexLib", "RegexLib\RegexLib.csproj", "{32E32E22-2DBE-4DC9-87BF-39B1FD66BE6E}"
EndProject
Project("{FAE04EC0-301F-11D3-BF4B-00C04F79EFBC}") = "RegexLib.Tests", "RegexLib.Tests\RegexLib.Tests.csproj", "{3197F205-FE57-40C3-AA77-6BB993B1F017}"
EndProject
Global
	GlobalSection(SolutionConfigurationPlatforms) = preSolution
		Debug|Any CPU = Debug|Any CPU
		Debug|x64 = Debug|x64
		Debug|x86 = Debug|x86
		Release|Any CPU = Release|Any CPU
		Release|x64 = Release|x64
		Release|x86 = Release|x86
	EndGlobalSection
	GlobalSection(ProjectConfigurationPlatforms) = postSolution
		{32E32E22-2DBE-4DC9-87BF-39B1FD66BE6E}.Debug|Any CPU.ActiveCfg = Debug|Any CPU
		{32E32E22-2DBE-4DC9-87BF-39B1FD66BE6E}.Debug|Any CPU.Build.0 = Debug|Any CPU
		{32E32E22-2DBE-4DC9-87BF-39B1FD66BE6E}.Debug|x64.ActiveCfg = Debug|Any CPU
		{32E32E22-2DBE-4DC9-87BF-39B1FD66BE6E}.Debug|x64.Build.0 = Debug|Any CPU
		{32E32E22-2DBE-4DC9-87BF-39B1FD66BE6E}.Debug|x86.ActiveCfg = Debug|Any CPU
		{32E32E22-2DBE-4DC9-87BF-39B1FD66BE6E}.Debug|x86.Build.0 = Debug|Any CPU
		{32E32E22-2DBE-4DC9-87BF-39B1FD66BE6E}.Release|Any CPU.ActiveCfg = Release|Any CPU
		{32E32E22-2DBE-4DC9-87BF-39B1FD66BE6E}.Release|Any CPU.Build.0 = Release|Any CPU
		{32E32E22-2DBE-4DC9-87BF-39B1FD66BE6E}.Release|x64.ActiveCfg = Release|Any CPU
		{32E32E22-2DBE-4DC9-87BF-39B1FD66BE6E}.Release|x64.Build.0 = Release|Any CPU
		{32E32E22-2DBE-4DC9-87BF-39B1FD66BE6E}.Release|x86.ActiveCfg = Release|Any CPU
		{32E32E22-2DBE-4DC9-87BF-39B1FD66BE6E}.Release|x86.Build.0 = Release|Any CPU
		{3197F205-FE57-40C3-AA77-6BB993B1F017}.Debug|Any CPU.ActiveCfg = Debug|Any CPU
		{3197F205-FE57-40C3-AA77-6BB993B1F017}.Debug|Any CPU.Build.0 = Debug|Any CPU
		{3197F205-FE57-40C3-AA77-6BB993B1F017}.Debug|x64.ActiveCfg = Debug|Any CPU
		{3197F205-FE57-40C3-AA77-6BB993B1F017}.Debug|x64.Build.0 = Debug|Any CPU
		{3197F205-FE57-40C3-AA77-6BB993B1F017}.Debug|x86.ActiveCfg = Debug|Any CPU
		{3197F205-FE57-40C3-AA77-6BB993B1F017}.Debug|x86.Build.0 = Debug|Any CPU
		{3197F205-FE57-40C3-AA77-6BB993B1F017}.Release|Any CPU.ActiveCfg = Release|Any CPU
		{3197F205-FE57-40C3-AA77-6BB993B1F017}.Release|Any CPU.Build.0 = Release|Any CPU
		{3197F205-FE57-40C3-AA77-6BB993B1F017}.Release|x64.ActiveCfg = Release|Any CPU
		{3197F205-FE57-40C3-AA77-6BB993B1F017}.Release|x64.Build.0 = Release|Any CPU
		{3197F205-FE57-40C3-AA77-6BB993B1F017}.Release|x86.ActiveCfg = Release|Any CPU
		{3197F205-FE57-40C3-AA77-6BB993B1F017}.Release|x86.Build.0 = Release|Any CPU
	EndGlobalSection
	GlobalSection(SolutionProperties) = preSolution
		HideSolutionNode = FALSE
	EndGlobalSection
EndGlobal
